
Microsoft Visual Studio Solution File, Format Version 12.00
# Visual Studio Version 17
VisualStudioVersion = 17.0.32112.339
MinimumVisualStudioVersion = 10.0.40219.1
Project("{E24C65DC-7377-472B-9ABA-BC803B73C61A}") = "YemekTarifiSite11", "YemekTarifiSite11\", "{3F9E9597-E639-489A-809F-67EF87AFBFE3}"
	ProjectSection(WebsiteProperties) = preProject
		TargetFrameworkMoniker = ".NETFramework,Version%3Dv4.7.2"
		Debug.AspNetCompiler.VirtualPath = "/localhost_52633"
		Debug.AspNetCompiler.PhysicalPath = "YemekTarifiSite11\"
		Debug.AspNetCompiler.TargetPath = "PrecompiledWeb\localhost_52633\"
		Debug.AspNetCompiler.Updateable = "true"
		Debug.AspNetCompiler.ForceOverwrite = "true"
		Debug.AspNetCompiler.FixedNames = "false"
		Debug.AspNetCompiler.Debug = "True"
		Release.AspNetCompiler.VirtualPath = "/localhost_52633"
		Release.AspNetCompiler.PhysicalPath = "YemekTarifiSite11\"
		Release.AspNetCompiler.TargetPath = "PrecompiledWeb\localhost_52633\"
		Release.AspNetCompiler.Updateable = "true"
		Release.AspNetCompiler.ForceOverwrite = "true"
		Release.AspNetCompiler.FixedNames = "false"
		Release.AspNetCompiler.Debug = "False"
		VWDPort = "52633"
		SlnRelativePath = "YemekTarifiSite11\"
		DefaultWebSiteLanguage = "Visual C#"
	EndProjectSection
EndProject
Global
	GlobalSection(SolutionConfigurationPlatforms) = preSolution
		Debug|Any CPU = Debug|Any CPU
	EndGlobalSection
	GlobalSection(ProjectConfigurationPlatforms) = postSolution
		{3F9E9597-E639-489A-809F-67EF87AFBFE3}.Debug|Any CPU.ActiveCfg = Debug|Any CPU
		{3F9E9597-E639-489A-809F-67EF87AFBFE3}.Debug|Any CPU.Build.0 = Debug|Any CPU
	EndGlobalSection
	GlobalSection(SolutionProperties) = preSolution
		HideSolutionNode = FALSE
	EndGlobalSection
	GlobalSection(ExtensibilityGlobals) = postSolution
		SolutionGuid = {6FB767E8-2EE5-482B-A1D1-64562983244A}
	EndGlobalSection
EndGlobal
